// !$*UTF8*$!
{
	archiveVersion = 1;
	classes = {
	};
	objectVersion = 56;
	objects = {

/* Begin PBXBuildFile section */
		E68495CE2A9878F20063DC6C /* PostViewModel.swift in Sources */ = {isa = PBXBuildFile; fileRef = E68495CD2A9878F20063DC6C /* PostViewModel.swift */; };
		E68495D12A9880200063DC6C /* CustomTableViewCell.swift in Sources */ = {isa = PBXBuildFile; fileRef = E68495CF2A9880200063DC6C /* CustomTableViewCell.swift */; };
		E68495D22A9880200063DC6C /* CustomTableViewCell.xib in Resources */ = {isa = PBXBuildFile; fileRef = E68495D02A9880200063DC6C /* CustomTableViewCell.xib */; };
		E68495D62A98BD300063DC6C /* PostModel.swift in Sources */ = {isa = PBXBuildFile; fileRef = E68495D52A98BD300063DC6C /* PostModel.swift */; };
		E68495D82A98BDE60063DC6C /* Constants.swift in Sources */ = {isa = PBXBuildFile; fileRef = E68495D72A98BDE60063DC6C /* Constants.swift */; };
		E6B963D92A9911EF00FF1DA7 /* NetworkHandler.swift in Sources */ = {isa = PBXBuildFile; fileRef = E6B963D82A9911EF00FF1DA7 /* NetworkHandler.swift */; };
		E6E1F08E2A972EEF00AC4D75 /* AppDelegate.swift in Sources */ = {isa = PBXBuildFile; fileRef = E6E1F08D2A972EEF00AC4D75 /* AppDelegate.swift */; };
		E6E1F0902A972EEF00AC4D75 /* SceneDelegate.swift in Sources */ = {isa = PBXBuildFile; fileRef = E6E1F08F2A972EEF00AC4D75 /* SceneDelegate.swift */; };
		E6E1F0922A972EEF00AC4D75 /* ViewController.swift in Sources */ = {isa = PBXBuildFile; fileRef = E6E1F0912A972EEF00AC4D75 /* ViewController.swift */; };
		E6E1F0952A972EEF00AC4D75 /* Main.storyboard in Resources */ = {isa = PBXBuildFile; fileRef = E6E1F0932A972EEF00AC4D75 /* Main.storyboard */; };
		E6E1F0972A972EF100AC4D75 /* Assets.xcassets in Resources */ = {isa = PBXBuildFile; fileRef = E6E1F0962A972EF100AC4D75 /* Assets.xcassets */; };
		E6E1F09A2A972EF100AC4D75 /* LaunchScreen.storyboard in Resources */ = {isa = PBXBuildFile; fileRef = E6E1F0982A972EF100AC4D75 /* LaunchScreen.storyboard */; };
/* End PBXBuildFile section */

/* Begin PBXFileReference section */
		E68495CD2A9878F20063DC6C /* PostViewModel.swift */ = {isa = PBXFileReference; lastKnownFileType = sourcecode.swift; path = PostViewModel.swift; sourceTree = "<group>"; };
		E68495CF2A9880200063DC6C /* CustomTableViewCell.swift */ = {isa = PBXFileReference; lastKnownFileType = sourcecode.swift; path = CustomTableViewCell.swift; sourceTree = "<group>"; };
		E68495D02A9880200063DC6C /* CustomTableViewCell.xib */ = {isa = PBXFileReference; lastKnownFileType = file.xib; path = CustomTableViewCell.xib; sourceTree = "<group>"; };
		E68495D52A98BD300063DC6C /* PostModel.swift */ = {isa = PBXFileReference; lastKnownFileType = sourcecode.swift; path = PostModel.swift; sourceTree = "<group>"; };
		E68495D72A98BDE60063DC6C /* Constants.swift */ = {isa = PBXFileReference; lastKnownFileType = sourcecode.swift; path = Constants.swift; sourceTree = "<group>"; };
		E6B963D82A9911EF00FF1DA7 /* NetworkHandler.swift */ = {isa = PBXFileReference; fileEncoding = 4; lastKnownFileType = sourcecode.swift; path = NetworkHandler.swift; sourceTree = "<group>"; };
		E6E1F08A2A972EEF00AC4D75 /* CombineWithUIKit.app */ = {isa = PBXFileReference; explicitFileType = wrapper.application; includeInIndex = 0; path = CombineWithUIKit.app; sourceTree = BUILT_PRODUCTS_DIR; };
		E6E1F08D2A972EEF00AC4D75 /* AppDelegate.swift */ = {isa = PBXFileReference; lastKnownFileType = sourcecode.swift; path = AppDelegate.swift; sourceTree = "<group>"; };
		E6E1F08F2A972EEF00AC4D75 /* SceneDelegate.swift */ = {isa = PBXFileReference; lastKnownFileType = sourcecode.swift; path = SceneDelegate.swift; sourceTree = "<group>"; };
		E6E1F0912A972EEF00AC4D75 /* ViewController.swift */ = {isa = PBXFileReference; lastKnownFileType = sourcecode.swift; path = ViewController.swift; sourceTree = "<group>"; };
		E6E1F0942A972EEF00AC4D75 /* Base */ = {isa = PBXFileReference; lastKnownFileType = file.storyboard; name = Base; path = Base.lproj/Main.storyboard; sourceTree = "<group>"; };
		E6E1F0962A972EF100AC4D75 /* Assets.xcassets */ = {isa = PBXFileReference; lastKnownFileType = folder.assetcatalog; path = Assets.xcassets; sourceTree = "<group>"; };
		E6E1F0992A972EF100AC4D75 /* Base */ = {isa = PBXFileReference; lastKnownFileType = file.storyboard; name = Base; path = Base.lproj/LaunchScreen.storyboard; sourceTree = "<group>"; };
		E6E1F09B2A972EF100AC4D75 /* Info.plist */ = {isa = PBXFileReference; lastKnownFileType = text.plist.xml; path = Info.plist; sourceTree = "<group>"; };
/* End PBXFileReference section */

/* Begin PBXFrameworksBuildPhase section */
		E6E1F0872A972EEF00AC4D75 /* Frameworks */ = {
			isa = PBXFrameworksBuildPhase;
			buildActionMask = 2147483647;
			files = (
			);
			runOnlyForDeploymentPostprocessing = 0;
		};
/* End PBXFrameworksBuildPhase section */

/* Begin PBXGroup section */
		E68495D92A9911090063DC6C /* Post */ = {
			isa = PBXGroup;
			children = (
				E68495DA2A9911120063DC6C /* Model */,
				E68495DB2A9911180063DC6C /* View */,
				E68495DC2A99111F0063DC6C /* ViewModel */,
			);
			path = Post;
			sourceTree = "<group>";
		};
		E68495DA2A9911120063DC6C /* Model */ = {
			isa = PBXGroup;
			children = (
				E68495D52A98BD300063DC6C /* PostModel.swift */,
			);
			path = Model;
			sourceTree = "<group>";
		};
		E68495DB2A9911180063DC6C /* View */ = {
			isa = PBXGroup;
			children = (
				E68495CF2A9880200063DC6C /* CustomTableViewCell.swift */,
				E68495D02A9880200063DC6C /* CustomTableViewCell.xib */,
				E6E1F0912A972EEF00AC4D75 /* ViewController.swift */,
			);
			path = View;
			sourceTree = "<group>";
		};
		E68495DC2A99111F0063DC6C /* ViewModel */ = {
			isa = PBXGroup;
			children = (
				E68495CD2A9878F20063DC6C /* PostViewModel.swift */,
			);
			path = ViewModel;
			sourceTree = "<group>";
		};
		E68495DD2A9911430063DC6C /* Application */ = {
			isa = PBXGroup;
			children = (
				E6E1F08D2A972EEF00AC4D75 /* AppDelegate.swift */,
				E6E1F08F2A972EEF00AC4D75 /* SceneDelegate.swift */,
			);
			path = Application;
			sourceTree = "<group>";
		};
		E68495DF2A99116C0063DC6C /* Utility */ = {
			isa = PBXGroup;
			children = (
				E6B963DA2A9911FF00FF1DA7 /* Constants */,
				E6B963D72A9911EF00FF1DA7 /* Network */,
			);
			path = Utility;
			sourceTree = "<group>";
		};
		E6B963D72A9911EF00FF1DA7 /* Network */ = {
			isa = PBXGroup;
			children = (
				E6B963D82A9911EF00FF1DA7 /* NetworkHandler.swift */,
			);
			path = Network;
			sourceTree = "<group>";
		};
		E6B963DA2A9911FF00FF1DA7 /* Constants */ = {
			isa = PBXGroup;
			children = (
				E68495D72A98BDE60063DC6C /* Constants.swift */,
			);
			path = Constants;
			sourceTree = "<group>";
		};
		E6B963DB2A99121200FF1DA7 /* StoryBoards */ = {
			isa = PBXGroup;
			children = (
				E6E1F0932A972EEF00AC4D75 /* Main.storyboard */,
				E6E1F0982A972EF100AC4D75 /* LaunchScreen.storyboard */,
			);
			path = StoryBoards;
			sourceTree = "<group>";
		};
		E6E1F0812A972EEF00AC4D75 = {
			isa = PBXGroup;
			children = (
				E6E1F08C2A972EEF00AC4D75 /* CombineWithUIKit */,
				E6E1F08B2A972EEF00AC4D75 /* Products */,
			);
			sourceTree = "<group>";
		};
		E6E1F08B2A972EEF00AC4D75 /* Products */ = {
			isa = PBXGroup;
			children = (
				E6E1F08A2A972EEF00AC4D75 /* CombineWithUIKit.app */,
			);
			name = Products;
			sourceTree = "<group>";
		};
		E6E1F08C2A972EEF00AC4D75 /* CombineWithUIKit */ = {
			isa = PBXGroup;
			children = (
				E6B963DB2A99121200FF1DA7 /* StoryBoards */,
				E68495DF2A99116C0063DC6C /* Utility */,
				E68495DD2A9911430063DC6C /* Application */,
				E68495D92A9911090063DC6C /* Post */,
				E6E1F0962A972EF100AC4D75 /* Assets.xcassets */,
				E6E1F09B2A972EF100AC4D75 /* Info.plist */,
			);
			path = CombineWithUIKit;
			sourceTree = "<group>";
		};
/* End PBXGroup section */

/* Begin PBXNativeTarget section */
		E6E1F0892A972EEF00AC4D75 /* CombineWithUIKit */ = {
			isa = PBXNativeTarget;
			buildConfigurationList = E6E1F09E2A972EF100AC4D75 /* Build configuration list for PBXNativeTarget "CombineWithUIKit" */;
			buildPhases = (
				E6E1F0862A972EEF00AC4D75 /* Sources */,
				E6E1F0872A972EEF00AC4D75 /* Frameworks */,
				E6E1F0882A972EEF00AC4D75 /* Resources */,
			);
			buildRules = (
			);
			dependencies = (
			);
			name = CombineWithUIKit;
			productName = CombineWithUIKit;
			productReference = E6E1F08A2A972EEF00AC4D75 /* CombineWithUIKit.app */;
			productType = "com.apple.product-type.application";
		};
/* End PBXNativeTarget section */

/* Begin PBXProject section */
		E6E1F0822A972EEF00AC4D75 /* Project object */ = {
			isa = PBXProject;
			attributes = {
				BuildIndependentTargetsInParallel = 1;
				LastSwiftUpdateCheck = 1420;
				LastUpgradeCheck = 1420;
				TargetAttributes = {
					E6E1F0892A972EEF00AC4D75 = {
						CreatedOnToolsVersion = 14.2;
					};
				};
			};
			buildConfigurationList = E6E1F0852A972EEF00AC4D75 /* Build configuration list for PBXProject "CombineWithUIKit" */;
			compatibilityVersion = "Xcode 14.0";
			developmentRegion = en;
			hasScannedForEncodings = 0;
			knownRegions = (
				en,
				Base,
			);
			mainGroup = E6E1F0812A972EEF00AC4D75;
			productRefGroup = E6E1F08B2A972EEF00AC4D75 /* Products */;
			projectDirPath = "";
			projectRoot = "";
			targets = (
				E6E1F0892A972EEF00AC4D75 /* CombineWithUIKit */,
			);
		};
/* End PBXProject section */

/* Begin PBXResourcesBuildPhase section */
		E6E1F0882A972EEF00AC4D75 /* Resources */ = {
			isa = PBXResourcesBuildPhase;
			buildActionMask = 2147483647;
			files = (
				E6E1F09A2A972EF100AC4D75 /* LaunchScreen.storyboard in Resources */,
				E6E1F0972A972EF100AC4D75 /* Assets.xcassets in Resources */,
				E68495D22A9880200063DC6C /* CustomTableViewCell.xib in Resources */,
				E6E1F0952A972EEF00AC4D75 /* Main.storyboard in Resources */,
			);
			runOnlyForDeploymentPostprocessing = 0;
		};
/* End PBXResourcesBuildPhase section */

/* Begin PBXSourcesBuildPhase section */
		E6E1F0862A972EEF00AC4D75 /* Sources */ = {
			isa = PBXSourcesBuildPhase;
			buildActionMask = 2147483647;
			files = (
				E68495CE2A9878F20063DC6C /* PostViewModel.swift in Sources */,
				E68495D12A9880200063DC6C /* CustomTableViewCell.swift in Sources */,
				E6E1F0922A972EEF00AC4D75 /* ViewController.swift in Sources */,
				E68495D82A98BDE60063DC6C /* Constants.swift in Sources */,
				E68495D62A98BD300063DC6C /* PostModel.swift in Sources */,
				E6E1F08E2A972EEF00AC4D75 /* AppDelegate.swift in Sources */,
				E6E1F0902A972EEF00AC4D75 /* SceneDelegate.swift in Sources */,
				E6B963D92A9911EF00FF1DA7 /* NetworkHandler.swift in Sources */,
			);
			runOnlyForDeploymentPostprocessing = 0;
		};
/* End PBXSourcesBuildPhase section */

/* Begin PBXVariantGroup section */
		E6E1F0932A972EEF00AC4D75 /* Main.storyboard */ = {
			isa = PBXVariantGroup;
			children = (
				E6E1F0942A972EEF00AC4D75 /* Base */,
			);
			name = Main.storyboard;
			sourceTree = "<group>";
		};
		E6E1F0982A972EF100AC4D75 /* LaunchScreen.storyboard */ = {
			isa = PBXVariantGroup;
			children = (
				E6E1F0992A972EF100AC4D75 /* Base */,
			);
			name = LaunchScreen.storyboard;
			sourceTree = "<group>";
		};
/* End PBXVariantGroup section */

/* Begin XCBuildConfiguration section */
		E6E1F09C2A972EF100AC4D75 /* Debug */ = {
			isa = XCBuildConfiguration;
			buildSettings = {
				ALWAYS_SEARCH_USER_PATHS = NO;
				CLANG_ANALYZER_NONNULL = YES;
				CLANG_ANALYZER_NUMBER_OBJECT_CONVERSION = YES_AGGRESSIVE;
				CLANG_CXX_LANGUAGE_STANDARD = "gnu++20";
				CLANG_ENABLE_MODULES = YES;
				CLANG_ENABLE_OBJC_ARC = YES;
				CLANG_ENABLE_OBJC_WEAK = YES;
				CLANG_WARN_BLOCK_CAPTURE_AUTORELEASING = YES;
				CLANG_WARN_BOOL_CONVERSION = YES;
				CLANG_WARN_COMMA = YES;
				CLANG_WARN_CONSTANT_CONVERSION = YES;
				CLANG_WARN_DEPRECATED_OBJC_IMPLEMENTATIONS = YES;
				CLANG_WARN_DIRECT_OBJC_ISA_USAGE = YES_ERROR;
				CLANG_WARN_DOCUMENTATION_COMMENTS = YES;
				CLANG_WARN_EMPTY_BODY = YES;
				CLANG_WARN_ENUM_CONVERSION = YES;
				CLANG_WARN_INFINITE_RECURSION = YES;
				CLANG_WARN_INT_CONVERSION = YES;
				CLANG_WARN_NON_LITERAL_NULL_CONVERSION = YES;
				CLANG_WARN_OBJC_IMPLICIT_RETAIN_SELF = YES;
				CLANG_WARN_OBJC_LITERAL_CONVERSION = YES;
				CLANG_WARN_OBJC_ROOT_CLASS = YES_ERROR;
				CLANG_WARN_QUOTED_INCLUDE_IN_FRAMEWORK_HEADER = YES;
				CLANG_WARN_RANGE_LOOP_ANALYSIS = YES;
				CLANG_WARN_STRICT_PROTOTYPES = YES;
				CLANG_WARN_SUSPICIOUS_MOVE = YES;
				CLANG_WARN_UNGUARDED_AVAILABILITY = YES_AGGRESSIVE;
				CLANG_WARN_UNREACHABLE_CODE = YES;
				CLANG_WARN__DUPLICATE_METHOD_MATCH = YES;
				COPY_PHASE_STRIP = NO;
				DEBUG_INFORMATION_FORMAT = dwarf;
				ENABLE_STRICT_OBJC_MSGSEND = YES;
				ENABLE_TESTABILITY = YES;
				GCC_C_LANGUAGE_STANDARD = gnu11;
				GCC_DYNAMIC_NO_PIC = NO;
				GCC_NO_COMMON_BLOCKS = YES;
				GCC_OPTIMIZATION_LEVEL = 0;
				GCC_PREPROCESSOR_DEFINITIONS = (
					"DEBUG=1",
					"$(inherited)",
				);
				GCC_WARN_64_TO_32_BIT_CONVERSION = YES;
				GCC_WARN_ABOUT_RETURN_TYPE = YES_ERROR;
				GCC_WARN_UNDECLARED_SELECTOR = YES;
				GCC_WARN_UNINITIALIZED_AUTOS = YES_AGGRESSIVE;
				GCC_WARN_UNUSED_FUNCTION = YES;
				GCC_WARN_UNUSED_VARIABLE = YES;
				IPHONEOS_DEPLOYMENT_TARGET = 16.2;
				MTL_ENABLE_DEBUG_INFO = INCLUDE_SOURCE;
				MTL_FAST_MATH = YES;
				ONLY_ACTIVE_ARCH = YES;
				SDKROOT = iphoneos;
				SWIFT_ACTIVE_COMPILATION_CONDITIONS = DEBUG;
				SWIFT_OPTIMIZATION_LEVEL = "-Onone";
			};
			name = Debug;
		};
		E6E1F09D2A972EF100AC4D75 /* Release */ = {
			isa = XCBuildConfiguration;
			buildSettings = {
				ALWAYS_SEARCH_USER_PATHS = NO;
				CLANG_ANALYZER_NONNULL = YES;
				CLANG_ANALYZER_NUMBER_OBJECT_CONVERSION = YES_AGGRESSIVE;
				CLANG_CXX_LANGUAGE_STANDARD = "gnu++20";
				CLANG_ENABLE_MODULES = YES;
				CLANG_ENABLE_OBJC_ARC = YES;
				CLANG_ENABLE_OBJC_WEAK = YES;
				CLANG_WARN_BLOCK_CAPTURE_AUTORELEASING = YES;
				CLANG_WARN_BOOL_CONVERSION = YES;
				CLANG_WARN_COMMA = YES;
				CLANG_WARN_CONSTANT_CONVERSION = YES;
				CLANG_WARN_DEPRECATED_OBJC_IMPLEMENTATIONS = YES;
				CLANG_WARN_DIRECT_OBJC_ISA_USAGE = YES_ERROR;
				CLANG_WARN_DOCUMENTATION_COMMENTS = YES;
				CLANG_WARN_EMPTY_BODY = YES;
				CLANG_WARN_ENUM_CONVERSION = YES;
				CLANG_WARN_INFINITE_RECURSION = YES;
				CLANG_WARN_INT_CONVERSION = YES;
				CLANG_WARN_NON_LITERAL_NULL_CONVERSION = YES;
				CLANG_WARN_OBJC_IMPLICIT_RETAIN_SELF = YES;
				CLANG_WARN_OBJC_LITERAL_CONVERSION = YES;
				CLANG_WARN_OBJC_ROOT_CLASS = YES_ERROR;
				CLANG_WARN_QUOTED_INCLUDE_IN_FRAMEWORK_HEADER = YES;
				CLANG_WARN_RANGE_LOOP_ANALYSIS = YES;
				CLANG_WARN_STRICT_PROTOTYPES = YES;
				CLANG_WARN_SUSPICIOUS_MOVE = YES;
				CLANG_WARN_UNGUARDED_AVAILABILITY = YES_AGGRESSIVE;
				CLANG_WARN_UNREACHABLE_CODE = YES;
				CLANG_WARN__DUPLICATE_METHOD_MATCH = YES;
				COPY_PHASE_STRIP = NO;
				DEBUG_INFORMATION_FORMAT = "dwarf-with-dsym";
				ENABLE_NS_ASSERTIONS = NO;
				ENABLE_STRICT_OBJC_MSGSEND = YES;
				GCC_C_LANGUAGE_STANDARD = gnu11;
				GCC_NO_COMMON_BLOCKS = YES;
				GCC_WARN_64_TO_32_BIT_CONVERSION = YES;
				GCC_WARN_ABOUT_RETURN_TYPE = YES_ERROR;
				GCC_WARN_UNDECLARED_SELECTOR = YES;
				GCC_WARN_UNINITIALIZED_AUTOS = YES_AGGRESSIVE;
				GCC_WARN_UNUSED_FUNCTION = YES;
				GCC_WARN_UNUSED_VARIABLE = YES;
				IPHONEOS_DEPLOYMENT_TARGET = 16.2;
				MTL_ENABLE_DEBUG_INFO = NO;
				MTL_FAST_MATH = YES;
				SDKROOT = iphoneos;
				SWIFT_COMPILATION_MODE = wholemodule;
				SWIFT_OPTIMIZATION_LEVEL = "-O";
				VALIDATE_PRODUCT = YES;
			};
			name = Release;
		};
		E6E1F09F2A972EF100AC4D75 /* Debug */ = {
			isa = XCBuildConfiguration;
			buildSettings = {
				ASSETCATALOG_COMPILER_APPICON_NAME = AppIcon;
				ASSETCATALOG_COMPILER_GLOBAL_ACCENT_COLOR_NAME = AccentColor;
				CODE_SIGN_STYLE = Automatic;
				CURRENT_PROJECT_VERSION = 1;
				GENERATE_INFOPLIST_FILE = YES;
				INFOPLIST_FILE = CombineWithUIKit/Info.plist;
				INFOPLIST_KEY_UIApplicationSupportsIndirectInputEvents = YES;
				INFOPLIST_KEY_UILaunchStoryboardName = LaunchScreen;
				INFOPLIST_KEY_UIMainStoryboardFile = Main;
				INFOPLIST_KEY_UISupportedInterfaceOrientations_iPad = "UIInterfaceOrientationPortrait UIInterfaceOrientationPortraitUpsideDown UIInterfaceOrientationLandscapeLeft UIInterfaceOrientationLandscapeRight";
				INFOPLIST_KEY_UISupportedInterfaceOrientations_iPhone = "UIInterfaceOrientationPortrait UIInterfaceOrientationLandscapeLeft UIInterfaceOrientationLandscapeRight";
				LD_RUNPATH_SEARCH_PATHS = (
					"$(inherited)",
					"@executable_path/Frameworks",
				);
				MARKETING_VERSION = 1.0;
				PRODUCT_BUNDLE_IDENTIFIER = com.parvendra.CombineWithUIKit;
				PRODUCT_NAME = "$(TARGET_NAME)";
				SWIFT_EMIT_LOC_STRINGS = YES;
				SWIFT_VERSION = 5.0;
				TARGETED_DEVICE_FAMILY = "1,2";
			};
			name = Debug;
		};
		E6E1F0A02A972EF100AC4D75 /* Release */ = {
			isa = XCBuildConfiguration;
			buildSettings = {
				ASSETCATALOG_COMPILER_APPICON_NAME = AppIcon;
				ASSETCATALOG_COMPILER_GLOBAL_ACCENT_COLOR_NAME = AccentColor;
				CODE_SIGN_STYLE = Automatic;
				CURRENT_PROJECT_VERSION = 1;
				GENERATE_INFOPLIST_FILE = YES;
				INFOPLIST_FILE = CombineWithUIKit/Info.plist;
				INFOPLIST_KEY_UIApplicationSupportsIndirectInputEvents = YES;
				INFOPLIST_KEY_UILaunchStoryboardName = LaunchScreen;
				INFOPLIST_KEY_UIMainStoryboardFile = Main;
				INFOPLIST_KEY_UISupportedInterfaceOrientations_iPad = "UIInterfaceOrientationPortrait UIInterfaceOrientationPortraitUpsideDown UIInterfaceOrientationLandscapeLeft UIInterfaceOrientationLandscapeRight";
				INFOPLIST_KEY_UISupportedInterfaceOrientations_iPhone = "UIInterfaceOrientationPortrait UIInterfaceOrientationLandscapeLeft UIInterfaceOrientationLandscapeRight";
				LD_RUNPATH_SEARCH_PATHS = (
					"$(inherited)",
					"@executable_path/Frameworks",
				);
				MARKETING_VERSION = 1.0;
				PRODUCT_BUNDLE_IDENTIFIER = com.parvendra.CombineWithUIKit;
				PRODUCT_NAME = "$(TARGET_NAME)";
				SWIFT_EMIT_LOC_STRINGS = YES;
				SWIFT_VERSION = 5.0;
				TARGETED_DEVICE_FAMILY = "1,2";
			};
			name = Release;
		};
/* End XCBuildConfiguration section */

/* Begin XCConfigurationList section */
		E6E1F0852A972EEF00AC4D75 /* Build configuration list for PBXProject "CombineWithUIKit" */ = {
			isa = XCConfigurationList;
			buildConfigurations = (
				E6E1F09C2A972EF100AC4D75 /* Debug */,
				E6E1F09D2A972EF100AC4D75 /* Release */,
			);
			defaultConfigurationIsVisible = 0;
			defaultConfigurationName = Release;
		};
		E6E1F09E2A972EF100AC4D75 /* Build configuration list for PBXNativeTarget "CombineWithUIKit" */ = {
			isa = XCConfigurationList;
			buildConfigurations = (
				E6E1F09F2A972EF100AC4D75 /* Debug */,
				E6E1F0A02A972EF100AC4D75 /* Release */,
			);
			defaultConfigurationIsVisible = 0;
			defaultConfigurationName = Release;
		};
/* End XCConfigurationList section */
	};
	rootObject = E6E1F0822A972EEF00AC4D75 /* Project object */;
}
